// !$*UTF8*$!
{
	archiveVersion = 1;
	classes = {
	};
	objectVersion = 56;
	objects = {

/* Begin PBXBuildFile section */
		41BB379E28DF0469002A2732 /* showDone.swift in Sources */ = {isa = PBXBuildFile; fileRef = 41BB379D28DF0469002A2732 /* showDone.swift */; };
		41BB37A028DF0649002A2732 /* Networking.swift in Sources */ = {isa = PBXBuildFile; fileRef = 41BB379F28DF0649002A2732 /* Networking.swift */; };
		41D414AE28DDD8BF0015D714 /* AppDelegate.swift in Sources */ = {isa = PBXBuildFile; fileRef = 41D414AD28DDD8BF0015D714 /* AppDelegate.swift */; };
		41D414B028DDD8BF0015D714 /* SceneDelegate.swift in Sources */ = {isa = PBXBuildFile; fileRef = 41D414AF28DDD8BF0015D714 /* SceneDelegate.swift */; };
		41D414B228DDD8BF0015D714 /* MainViewController.swift in Sources */ = {isa = PBXBuildFile; fileRef = 41D414B128DDD8BF0015D714 /* MainViewController.swift */; };
		41D414B528DDD8BF0015D714 /* Main.storyboard in Resources */ = {isa = PBXBuildFile; fileRef = 41D414B328DDD8BF0015D714 /* Main.storyboard */; };
		41D414B728DDD8C10015D714 /* Assets.xcassets in Resources */ = {isa = PBXBuildFile; fileRef = 41D414B628DDD8C10015D714 /* Assets.xcassets */; };
		41D414BA28DDD8C10015D714 /* LaunchScreen.storyboard in Resources */ = {isa = PBXBuildFile; fileRef = 41D414B828DDD8C10015D714 /* LaunchScreen.storyboard */; };
		41D414C328DDDA260015D714 /* User.swift in Sources */ = {isa = PBXBuildFile; fileRef = 41D414C228DDDA260015D714 /* User.swift */; };
		41D414C928DE06180015D714 /* showAlert.swift in Sources */ = {isa = PBXBuildFile; fileRef = 41D414C828DE06180015D714 /* showAlert.swift */; };
		41D414CB28DE08E70015D714 /* UserCell.swift in Sources */ = {isa = PBXBuildFile; fileRef = 41D414CA28DE08E70015D714 /* UserCell.swift */; };
/* End PBXBuildFile section */

/* Begin PBXFileReference section */
		41BB379D28DF0469002A2732 /* showDone.swift */ = {isa = PBXFileReference; lastKnownFileType = sourcecode.swift; path = showDone.swift; sourceTree = "<group>"; };
		41BB379F28DF0649002A2732 /* Networking.swift */ = {isa = PBXFileReference; lastKnownFileType = sourcecode.swift; path = Networking.swift; sourceTree = "<group>"; };
		41D414AA28DDD8BF0015D714 /* CRUD INNOCV.app */ = {isa = PBXFileReference; explicitFileType = wrapper.application; includeInIndex = 0; path = "CRUD INNOCV.app"; sourceTree = BUILT_PRODUCTS_DIR; };
		41D414AD28DDD8BF0015D714 /* AppDelegate.swift */ = {isa = PBXFileReference; lastKnownFileType = sourcecode.swift; path = AppDelegate.swift; sourceTree = "<group>"; };
		41D414AF28DDD8BF0015D714 /* SceneDelegate.swift */ = {isa = PBXFileReference; lastKnownFileType = sourcecode.swift; path = SceneDelegate.swift; sourceTree = "<group>"; };
		41D414B128DDD8BF0015D714 /* MainViewController.swift */ = {isa = PBXFileReference; lastKnownFileType = sourcecode.swift; path = MainViewController.swift; sourceTree = "<group>"; };
		41D414B428DDD8BF0015D714 /* Base */ = {isa = PBXFileReference; lastKnownFileType = file.storyboard; name = Base; path = Base.lproj/Main.storyboard; sourceTree = "<group>"; };
		41D414B628DDD8C10015D714 /* Assets.xcassets */ = {isa = PBXFileReference; lastKnownFileType = folder.assetcatalog; path = Assets.xcassets; sourceTree = "<group>"; };
		41D414B928DDD8C10015D714 /* Base */ = {isa = PBXFileReference; lastKnownFileType = file.storyboard; name = Base; path = Base.lproj/LaunchScreen.storyboard; sourceTree = "<group>"; };
		41D414BB28DDD8C10015D714 /* Info.plist */ = {isa = PBXFileReference; lastKnownFileType = text.plist.xml; path = Info.plist; sourceTree = "<group>"; };
		41D414C228DDDA260015D714 /* User.swift */ = {isa = PBXFileReference; lastKnownFileType = sourcecode.swift; path = User.swift; sourceTree = "<group>"; };
		41D414C828DE06180015D714 /* showAlert.swift */ = {isa = PBXFileReference; lastKnownFileType = sourcecode.swift; path = showAlert.swift; sourceTree = "<group>"; };
		41D414CA28DE08E70015D714 /* UserCell.swift */ = {isa = PBXFileReference; lastKnownFileType = sourcecode.swift; path = UserCell.swift; sourceTree = "<group>"; };
/* End PBXFileReference section */

/* Begin PBXFrameworksBuildPhase section */
		41D414A728DDD8BF0015D714 /* Frameworks */ = {
			isa = PBXFrameworksBuildPhase;
			buildActionMask = 2147483647;
			files = (
			);
			runOnlyForDeploymentPostprocessing = 0;
		};
/* End PBXFrameworksBuildPhase section */

/* Begin PBXGroup section */
		41D414A128DDD8BF0015D714 = {
			isa = PBXGroup;
			children = (
				41D414AC28DDD8BF0015D714 /* CRUD INNOCV */,
				41D414AB28DDD8BF0015D714 /* Products */,
			);
			sourceTree = "<group>";
		};
		41D414AB28DDD8BF0015D714 /* Products */ = {
			isa = PBXGroup;
			children = (
				41D414AA28DDD8BF0015D714 /* CRUD INNOCV.app */,
			);
			name = Products;
			sourceTree = "<group>";
		};
		41D414AC28DDD8BF0015D714 /* CRUD INNOCV */ = {
			isa = PBXGroup;
			children = (
				41D414AD28DDD8BF0015D714 /* AppDelegate.swift */,
				41D414AF28DDD8BF0015D714 /* SceneDelegate.swift */,
				41D414C428DDDA2F0015D714 /* Model */,
				41D414C128DDDA0A0015D714 /* Controller */,
				41D414C528DDDA3B0015D714 /* View */,
				41D414B628DDD8C10015D714 /* Assets.xcassets */,
				41D414B828DDD8C10015D714 /* LaunchScreen.storyboard */,
				41D414BB28DDD8C10015D714 /* Info.plist */,
			);
			path = "CRUD INNOCV";
			sourceTree = "<group>";
		};
		41D414C128DDDA0A0015D714 /* Controller */ = {
			isa = PBXGroup;
			children = (
				41D414B128DDD8BF0015D714 /* MainViewController.swift */,
			);
			path = Controller;
			sourceTree = "<group>";
		};
		41D414C428DDDA2F0015D714 /* Model */ = {
			isa = PBXGroup;
			children = (
				41D414C228DDDA260015D714 /* User.swift */,
				41D414C828DE06180015D714 /* showAlert.swift */,
				41BB379D28DF0469002A2732 /* showDone.swift */,
				41D414CA28DE08E70015D714 /* UserCell.swift */,
				41BB379F28DF0649002A2732 /* Networking.swift */,
			);
			path = Model;
			sourceTree = "<group>";
		};
		41D414C528DDDA3B0015D714 /* View */ = {
			isa = PBXGroup;
			children = (
				41D414B328DDD8BF0015D714 /* Main.storyboard */,
			);
			path = View;
			sourceTree = "<group>";
		};
/* End PBXGroup section */

/* Begin PBXNativeTarget section */
		41D414A928DDD8BF0015D714 /* CRUD INNOCV */ = {
			isa = PBXNativeTarget;
			buildConfigurationList = 41D414BE28DDD8C10015D714 /* Build configuration list for PBXNativeTarget "CRUD INNOCV" */;
			buildPhases = (
				41D414A628DDD8BF0015D714 /* Sources */,
				41D414A728DDD8BF0015D714 /* Frameworks */,
				41D414A828DDD8BF0015D714 /* Resources */,
			);
			buildRules = (
			);
			dependencies = (
			);
			name = "CRUD INNOCV";
			productName = "CRUD INNOCV";
			productReference = 41D414AA28DDD8BF0015D714 /* CRUD INNOCV.app */;
			productType = "com.apple.product-type.application";
		};
/* End PBXNativeTarget section */

/* Begin PBXProject section */
		41D414A228DDD8BF0015D714 /* Project object */ = {
			isa = PBXProject;
			attributes = {
				BuildIndependentTargetsInParallel = 1;
				LastSwiftUpdateCheck = 1400;
				LastUpgradeCheck = 1400;
				TargetAttributes = {
					41D414A928DDD8BF0015D714 = {
						CreatedOnToolsVersion = 14.0;
					};
				};
			};
			buildConfigurationList = 41D414A528DDD8BF0015D714 /* Build configuration list for PBXProject "CRUD INNOCV" */;
			compatibilityVersion = "Xcode 14.0";
			developmentRegion = en;
			hasScannedForEncodings = 0;
			knownRegions = (
				en,
				Base,
			);
			mainGroup = 41D414A128DDD8BF0015D714;
			productRefGroup = 41D414AB28DDD8BF0015D714 /* Products */;
			projectDirPath = "";
			projectRoot = "";
			targets = (
				41D414A928DDD8BF0015D714 /* CRUD INNOCV */,
			);
		};
/* End PBXProject section */

/* Begin PBXResourcesBuildPhase section */
		41D414A828DDD8BF0015D714 /* Resources */ = {
			isa = PBXResourcesBuildPhase;
			buildActionMask = 2147483647;
			files = (
				41D414BA28DDD8C10015D714 /* LaunchScreen.storyboard in Resources */,
				41D414B728DDD8C10015D714 /* Assets.xcassets in Resources */,
				41D414B528DDD8BF0015D714 /* Main.storyboard in Resources */,
			);
			runOnlyForDeploymentPostprocessing = 0;
		};
/* End PBXResourcesBuildPhase section */

/* Begin PBXSourcesBuildPhase section */
		41D414A628DDD8BF0015D714 /* Sources */ = {
			isa = PBXSourcesBuildPhase;
			buildActionMask = 2147483647;
			files = (
				41BB379E28DF0469002A2732 /* showDone.swift in Sources */,
				41D414C328DDDA260015D714 /* User.swift in Sources */,
				41D414B228DDD8BF0015D714 /* MainViewController.swift in Sources */,
				41BB37A028DF0649002A2732 /* Networking.swift in Sources */,
				41D414CB28DE08E70015D714 /* UserCell.swift in Sources */,
				41D414AE28DDD8BF0015D714 /* AppDelegate.swift in Sources */,
				41D414C928DE06180015D714 /* showAlert.swift in Sources */,
				41D414B028DDD8BF0015D714 /* SceneDelegate.swift in Sources */,
			);
			runOnlyForDeploymentPostprocessing = 0;
		};
/* End PBXSourcesBuildPhase section */

/* Begin PBXVariantGroup section */
		41D414B328DDD8BF0015D714 /* Main.storyboard */ = {
			isa = PBXVariantGroup;
			children = (
				41D414B428DDD8BF0015D714 /* Base */,
			);
			name = Main.storyboard;
			sourceTree = "<group>";
		};
		41D414B828DDD8C10015D714 /* LaunchScreen.storyboard */ = {
			isa = PBXVariantGroup;
			children = (
				41D414B928DDD8C10015D714 /* Base */,
			);
			name = LaunchScreen.storyboard;
			sourceTree = "<group>";
		};
/* End PBXVariantGroup section */

/* Begin XCBuildConfiguration section */
		41D414BC28DDD8C10015D714 /* Debug */ = {
			isa = XCBuildConfiguration;
			buildSettings = {
				ALWAYS_SEARCH_USER_PATHS = NO;
				CLANG_ANALYZER_NONNULL = YES;
				CLANG_ANALYZER_NUMBER_OBJECT_CONVERSION = YES_AGGRESSIVE;
				CLANG_CXX_LANGUAGE_STANDARD = "gnu++20";
				CLANG_ENABLE_MODULES = YES;
				CLANG_ENABLE_OBJC_ARC = YES;
				CLANG_ENABLE_OBJC_WEAK = YES;
				CLANG_WARN_BLOCK_CAPTURE_AUTORELEASING = YES;
				CLANG_WARN_BOOL_CONVERSION = YES;
				CLANG_WARN_COMMA = YES;
				CLANG_WARN_CONSTANT_CONVERSION = YES;
				CLANG_WARN_DEPRECATED_OBJC_IMPLEMENTATIONS = YES;
				CLANG_WARN_DIRECT_OBJC_ISA_USAGE = YES_ERROR;
				CLANG_WARN_DOCUMENTATION_COMMENTS = YES;
				CLANG_WARN_EMPTY_BODY = YES;
				CLANG_WARN_ENUM_CONVERSION = YES;
				CLANG_WARN_INFINITE_RECURSION = YES;
				CLANG_WARN_INT_CONVERSION = YES;
				CLANG_WARN_NON_LITERAL_NULL_CONVERSION = YES;
				CLANG_WARN_OBJC_IMPLICIT_RETAIN_SELF = YES;
				CLANG_WARN_OBJC_LITERAL_CONVERSION = YES;
				CLANG_WARN_OBJC_ROOT_CLASS = YES_ERROR;
				CLANG_WARN_QUOTED_INCLUDE_IN_FRAMEWORK_HEADER = YES;
				CLANG_WARN_RANGE_LOOP_ANALYSIS = YES;
				CLANG_WARN_STRICT_PROTOTYPES = YES;
				CLANG_WARN_SUSPICIOUS_MOVE = YES;
				CLANG_WARN_UNGUARDED_AVAILABILITY = YES_AGGRESSIVE;
				CLANG_WARN_UNREACHABLE_CODE = YES;
				CLANG_WARN__DUPLICATE_METHOD_MATCH = YES;
				COPY_PHASE_STRIP = NO;
				DEBUG_INFORMATION_FORMAT = dwarf;
				ENABLE_STRICT_OBJC_MSGSEND = YES;
				ENABLE_TESTABILITY = YES;
				GCC_C_LANGUAGE_STANDARD = gnu11;
				GCC_DYNAMIC_NO_PIC = NO;
				GCC_NO_COMMON_BLOCKS = YES;
				GCC_OPTIMIZATION_LEVEL = 0;
				GCC_PREPROCESSOR_DEFINITIONS = (
					"DEBUG=1",
					"$(inherited)",
				);
				GCC_WARN_64_TO_32_BIT_CONVERSION = YES;
				GCC_WARN_ABOUT_RETURN_TYPE = YES_ERROR;
				GCC_WARN_UNDECLARED_SELECTOR = YES;
				GCC_WARN_UNINITIALIZED_AUTOS = YES_AGGRESSIVE;
				GCC_WARN_UNUSED_FUNCTION = YES;
				GCC_WARN_UNUSED_VARIABLE = YES;
				IPHONEOS_DEPLOYMENT_TARGET = 16.0;
				MTL_ENABLE_DEBUG_INFO = INCLUDE_SOURCE;
				MTL_FAST_MATH = YES;
				ONLY_ACTIVE_ARCH = YES;
				SDKROOT = iphoneos;
				SWIFT_ACTIVE_COMPILATION_CONDITIONS = DEBUG;
				SWIFT_OPTIMIZATION_LEVEL = "-Onone";
			};
			name = Debug;
		};
		41D414BD28DDD8C10015D714 /* Release */ = {
			isa = XCBuildConfiguration;
			buildSettings = {
				ALWAYS_SEARCH_USER_PATHS = NO;
				CLANG_ANALYZER_NONNULL = YES;
				CLANG_ANALYZER_NUMBER_OBJECT_CONVERSION = YES_AGGRESSIVE;
				CLANG_CXX_LANGUAGE_STANDARD = "gnu++20";
				CLANG_ENABLE_MODULES = YES;
				CLANG_ENABLE_OBJC_ARC = YES;
				CLANG_ENABLE_OBJC_WEAK = YES;
				CLANG_WARN_BLOCK_CAPTURE_AUTORELEASING = YES;
				CLANG_WARN_BOOL_CONVERSION = YES;
				CLANG_WARN_COMMA = YES;
				CLANG_WARN_CONSTANT_CONVERSION = YES;
				CLANG_WARN_DEPRECATED_OBJC_IMPLEMENTATIONS = YES;
				CLANG_WARN_DIRECT_OBJC_ISA_USAGE = YES_ERROR;
				CLANG_WARN_DOCUMENTATION_COMMENTS = YES;
				CLANG_WARN_EMPTY_BODY = YES;
				CLANG_WARN_ENUM_CONVERSION = YES;
				CLANG_WARN_INFINITE_RECURSION = YES;
				CLANG_WARN_INT_CONVERSION = YES;
				CLANG_WARN_NON_LITERAL_NULL_CONVERSION = YES;
				CLANG_WARN_OBJC_IMPLICIT_RETAIN_SELF = YES;
				CLANG_WARN_OBJC_LITERAL_CONVERSION = YES;
				CLANG_WARN_OBJC_ROOT_CLASS = YES_ERROR;
				CLANG_WARN_QUOTED_INCLUDE_IN_FRAMEWORK_HEADER = YES;
				CLANG_WARN_RANGE_LOOP_ANALYSIS = YES;
				CLANG_WARN_STRICT_PROTOTYPES = YES;
				CLANG_WARN_SUSPICIOUS_MOVE = YES;
				CLANG_WARN_UNGUARDED_AVAILABILITY = YES_AGGRESSIVE;
				CLANG_WARN_UNREACHABLE_CODE = YES;
				CLANG_WARN__DUPLICATE_METHOD_MATCH = YES;
				COPY_PHASE_STRIP = NO;
				DEBUG_INFORMATION_FORMAT = "dwarf-with-dsym";
				ENABLE_NS_ASSERTIONS = NO;
				ENABLE_STRICT_OBJC_MSGSEND = YES;
				GCC_C_LANGUAGE_STANDARD = gnu11;
				GCC_NO_COMMON_BLOCKS = YES;
				GCC_WARN_64_TO_32_BIT_CONVERSION = YES;
				GCC_WARN_ABOUT_RETURN_TYPE = YES_ERROR;
				GCC_WARN_UNDECLARED_SELECTOR = YES;
				GCC_WARN_UNINITIALIZED_AUTOS = YES_AGGRESSIVE;
				GCC_WARN_UNUSED_FUNCTION = YES;
				GCC_WARN_UNUSED_VARIABLE = YES;
				IPHONEOS_DEPLOYMENT_TARGET = 16.0;
				MTL_ENABLE_DEBUG_INFO = NO;
				MTL_FAST_MATH = YES;
				SDKROOT = iphoneos;
				SWIFT_COMPILATION_MODE = wholemodule;
				SWIFT_OPTIMIZATION_LEVEL = "-O";
				VALIDATE_PRODUCT = YES;
			};
			name = Release;
		};
		41D414BF28DDD8C10015D714 /* Debug */ = {
			isa = XCBuildConfiguration;
			buildSettings = {
				ASSETCATALOG_COMPILER_APPICON_NAME = AppIcon;
				ASSETCATALOG_COMPILER_GLOBAL_ACCENT_COLOR_NAME = AccentColor;
				CODE_SIGN_STYLE = Automatic;
				CURRENT_PROJECT_VERSION = 1;
				DEVELOPMENT_TEAM = 3U346Q886M;
				GENERATE_INFOPLIST_FILE = YES;
				INFOPLIST_FILE = "CRUD INNOCV/Info.plist";
				INFOPLIST_KEY_UIApplicationSupportsIndirectInputEvents = YES;
				INFOPLIST_KEY_UILaunchStoryboardName = LaunchScreen;
				INFOPLIST_KEY_UIMainStoryboardFile = Main;
				INFOPLIST_KEY_UISupportedInterfaceOrientations_iPad = "UIInterfaceOrientationPortrait UIInterfaceOrientationPortraitUpsideDown UIInterfaceOrientationLandscapeLeft UIInterfaceOrientationLandscapeRight";
				INFOPLIST_KEY_UISupportedInterfaceOrientations_iPhone = "UIInterfaceOrientationPortrait UIInterfaceOrientationLandscapeLeft UIInterfaceOrientationLandscapeRight";
				LD_RUNPATH_SEARCH_PATHS = (
					"$(inherited)",
					"@executable_path/Frameworks",
				);
				MARKETING_VERSION = 1.0;
				PRODUCT_BUNDLE_IDENTIFIER = "com.venguidanos.CRUD-INNOCV";
				PRODUCT_NAME = "$(TARGET_NAME)";
				SWIFT_EMIT_LOC_STRINGS = YES;
				SWIFT_VERSION = 5.0;
				TARGETED_DEVICE_FAMILY = "1,2";
			};
			name = Debug;
		};
		41D414C028DDD8C10015D714 /* Release */ = {
			isa = XCBuildConfiguration;
			buildSettings = {
				ASSETCATALOG_COMPILER_APPICON_NAME = AppIcon;
				ASSETCATALOG_COMPILER_GLOBAL_ACCENT_COLOR_NAME = AccentColor;
				CODE_SIGN_STYLE = Automatic;
				CURRENT_PROJECT_VERSION = 1;
				DEVELOPMENT_TEAM = 3U346Q886M;
				GENERATE_INFOPLIST_FILE = YES;
				INFOPLIST_FILE = "CRUD INNOCV/Info.plist";
				INFOPLIST_KEY_UIApplicationSupportsIndirectInputEvents = YES;
				INFOPLIST_KEY_UILaunchStoryboardName = LaunchScreen;
				INFOPLIST_KEY_UIMainStoryboardFile = Main;
				INFOPLIST_KEY_UISupportedInterfaceOrientations_iPad = "UIInterfaceOrientationPortrait UIInterfaceOrientationPortraitUpsideDown UIInterfaceOrientationLandscapeLeft UIInterfaceOrientationLandscapeRight";
				INFOPLIST_KEY_UISupportedInterfaceOrientations_iPhone = "UIInterfaceOrientationPortrait UIInterfaceOrientationLandscapeLeft UIInterfaceOrientationLandscapeRight";
				LD_RUNPATH_SEARCH_PATHS = (
					"$(inherited)",
					"@executable_path/Frameworks",
				);
				MARKETING_VERSION = 1.0;
				PRODUCT_BUNDLE_IDENTIFIER = "com.venguidanos.CRUD-INNOCV";
				PRODUCT_NAME = "$(TARGET_NAME)";
				SWIFT_EMIT_LOC_STRINGS = YES;
				SWIFT_VERSION = 5.0;
				TARGETED_DEVICE_FAMILY = "1,2";
			};
			name = Release;
		};
/* End XCBuildConfiguration section */

/* Begin XCConfigurationList section */
		41D414A528DDD8BF0015D714 /* Build configuration list for PBXProject "CRUD INNOCV" */ = {
			isa = XCConfigurationList;
			buildConfigurations = (
				41D414BC28DDD8C10015D714 /* Debug */,
				41D414BD28DDD8C10015D714 /* Release */,
			);
			defaultConfigurationIsVisible = 0;
			defaultConfigurationName = Release;
		};
		41D414BE28DDD8C10015D714 /* Build configuration list for PBXNativeTarget "CRUD INNOCV" */ = {
			isa = XCConfigurationList;
			buildConfigurations = (
				41D414BF28DDD8C10015D714 /* Debug */,
				41D414C028DDD8C10015D714 /* Release */,
			);
			defaultConfigurationIsVisible = 0;
			defaultConfigurationName = Release;
		};
/* End XCConfigurationList section */
	};
	rootObject = 41D414A228DDD8BF0015D714 /* Project object */;
}
